// !$*UTF8*$!
{
	archiveVersion = 1;
	classes = {
	};
	objectVersion = 52;
	objects = {

/* Begin PBXBuildFile section */
		0A0D3A7125D4F4C600E86F70 /* AuthViewController.swift in Sources */ = {isa = PBXBuildFile; fileRef = 0A0D3A7025D4F4C600E86F70 /* AuthViewController.swift */; };
		0A6E1F99260468C5006F6BAA /* ShardRecovery.swift in Sources */ = {isa = PBXBuildFile; fileRef = 0A6E1F98260468C5006F6BAA /* ShardRecovery.swift */; };
		0A6E1FA6260469BC006F6BAA /* BIP39.xcframework in Frameworks */ = {isa = PBXBuildFile; fileRef = 0A6E1F9C260469B0006F6BAA /* BIP39.xcframework */; };
		0A6E1FA7260469BC006F6BAA /* BIP39.xcframework in Embed Frameworks */ = {isa = PBXBuildFile; fileRef = 0A6E1F9C260469B0006F6BAA /* BIP39.xcframework */; settings = {ATTRIBUTES = (CodeSignOnCopy, RemoveHeadersOnCopy, ); }; };
		0A6E1FAA260469BF006F6BAA /* CryptoBase.xcframework in Frameworks */ = {isa = PBXBuildFile; fileRef = 0A6E1F9E260469B0006F6BAA /* CryptoBase.xcframework */; };
		0A6E1FAB260469BF006F6BAA /* CryptoBase.xcframework in Embed Frameworks */ = {isa = PBXBuildFile; fileRef = 0A6E1F9E260469B0006F6BAA /* CryptoBase.xcframework */; settings = {ATTRIBUTES = (CodeSignOnCopy, RemoveHeadersOnCopy, ); }; };
		0A6E1FAE260469C2006F6BAA /* Shamir.xcframework in Frameworks */ = {isa = PBXBuildFile; fileRef = 0A6E1F9F260469B0006F6BAA /* Shamir.xcframework */; };
		0A6E1FAF260469C2006F6BAA /* Shamir.xcframework in Embed Frameworks */ = {isa = PBXBuildFile; fileRef = 0A6E1F9F260469B0006F6BAA /* Shamir.xcframework */; settings = {ATTRIBUTES = (CodeSignOnCopy, RemoveHeadersOnCopy, ); }; };
		0A6E1FB2260469C3006F6BAA /* SSKR.xcframework in Frameworks */ = {isa = PBXBuildFile; fileRef = 0A6E1F9D260469B0006F6BAA /* SSKR.xcframework */; };
		0A6E1FB3260469C3006F6BAA /* SSKR.xcframework in Embed Frameworks */ = {isa = PBXBuildFile; fileRef = 0A6E1F9D260469B0006F6BAA /* SSKR.xcframework */; settings = {ATTRIBUTES = (CodeSignOnCopy, RemoveHeadersOnCopy, ); }; };
		0A6E1FB726046A1F006F6BAA /* Shard.swift in Sources */ = {isa = PBXBuildFile; fileRef = 0A6E1FB626046A1F006F6BAA /* Shard.swift */; };
		0A79C6DD25EF4F2F002470C5 /* AddCosigner.swift in Sources */ = {isa = PBXBuildFile; fileRef = 0A79C6DC25EF4F2F002470C5 /* AddCosigner.swift */; };
		0A9EE67C2601C8B80000B130 /* PDFCreator.swift in Sources */ = {isa = PBXBuildFile; fileRef = 0A9EE67B2601C8B80000B130 /* PDFCreator.swift */; };
		0AAAB4B125D2693E00C77B52 /* SettingsViewController.swift in Sources */ = {isa = PBXBuildFile; fileRef = 0AAAB4B025D2693E00C77B52 /* SettingsViewController.swift */; };
		0AF6442325D4DB91003E619E /* CloudKit.framework in Frameworks */ = {isa = PBXBuildFile; fileRef = 0AF6442225D4DB91003E619E /* CloudKit.framework */; };
		D00F498D258B2ACD00941DBA /* accounts.png in Resources */ = {isa = PBXBuildFile; fileRef = D00F498C258B2ACD00941DBA /* accounts.png */; };
		D00F498F258B2AFE00941DBA /* seeds.png in Resources */ = {isa = PBXBuildFile; fileRef = D00F498E258B2AFD00941DBA /* seeds.png */; };
		D00F4991258B2B6D00941DBA /* cosigners.png in Resources */ = {isa = PBXBuildFile; fileRef = D00F4990258B2B6D00941DBA /* cosigners.png */; };
		D00F4993258B2B9300941DBA /* payments.png in Resources */ = {isa = PBXBuildFile; fileRef = D00F4992258B2B9300941DBA /* payments.png */; };
		D016AE5D25B0031600A59E93 /* LibWally.xcframework in Frameworks */ = {isa = PBXBuildFile; fileRef = D016AE5825B0031300A59E93 /* LibWally.xcframework */; };
		D016AE5E25B0031600A59E93 /* LibWally.xcframework in Embed Frameworks */ = {isa = PBXBuildFile; fileRef = D016AE5825B0031300A59E93 /* LibWally.xcframework */; settings = {ATTRIBUTES = (CodeSignOnCopy, RemoveHeadersOnCopy, ); }; };
		D01ACBA42563EA8100B5B4E5 /* PaymentsViewController.swift in Sources */ = {isa = PBXBuildFile; fileRef = D01ACBA32563EA8100B5B4E5 /* PaymentsViewController.swift */; };
		D01ACBA62563ED3200B5B4E5 /* Psbt.swift in Sources */ = {isa = PBXBuildFile; fileRef = D01ACBA52563ED3200B5B4E5 /* Psbt.swift */; };
		D01C2955255CE33F00C5ED55 /* PaymentDetailViewController.swift in Sources */ = {isa = PBXBuildFile; fileRef = D01C2954255CE33F00C5ED55 /* PaymentDetailViewController.swift */; };
		D0246DD7256B660100F812A5 /* Base58.swift in Sources */ = {isa = PBXBuildFile; fileRef = D0246DD6256B660100F812A5 /* Base58.swift */; };
		D0246DDB256B667800F812A5 /* base58.c in Sources */ = {isa = PBXBuildFile; fileRef = D0246DDA256B667800F812A5 /* base58.c */; };
		D02E51F0258860C200A479A0 /* SeedDetailViewController.swift in Sources */ = {isa = PBXBuildFile; fileRef = D02E51EF258860C200A479A0 /* SeedDetailViewController.swift */; };
		D04423F325837A8700A25179 /* PaymentHash.swift in Sources */ = {isa = PBXBuildFile; fileRef = D04423F225837A8700A25179 /* PaymentHash.swift */; };
		D04423F52586F2CC00A25179 /* LifehashSeedView.swift in Sources */ = {isa = PBXBuildFile; fileRef = D04423F42586F2CC00A25179 /* LifehashSeedView.swift */; };
		D04423F72586F2F700A25179 /* LifehashSeedView.xib in Resources */ = {isa = PBXBuildFile; fileRef = D04423F62586F2F700A25179 /* LifehashSeedView.xib */; };
		D04423FB258705B900A25179 /* LifehashSeedSecondary.swift in Sources */ = {isa = PBXBuildFile; fileRef = D04423FA258705B900A25179 /* LifehashSeedSecondary.swift */; };
		D04423FD258705D900A25179 /* LifehashSeedSecondary.xib in Resources */ = {isa = PBXBuildFile; fileRef = D04423FC258705D900A25179 /* LifehashSeedSecondary.xib */; };
		D04B029825249EEB00C249B8 /* AddPaymentViewController.swift in Sources */ = {isa = PBXBuildFile; fileRef = D04B029725249EEB00C249B8 /* AddPaymentViewController.swift */; };
		D04B029C2524A9F800C249B8 /* AddSeedWordsViewController.swift in Sources */ = {isa = PBXBuildFile; fileRef = D04B029B2524A9F800C249B8 /* AddSeedWordsViewController.swift */; };
		D04D4980252C19E000D7383E /* QRScannerViewController.swift in Sources */ = {isa = PBXBuildFile; fileRef = D04D497F252C19E000D7383E /* QRScannerViewController.swift */; };
		D04D4982252C1A9300D7383E /* Spinner.swift in Sources */ = {isa = PBXBuildFile; fileRef = D04D4981252C1A9300D7383E /* Spinner.swift */; };
		D04D4984252C4FEF00D7383E /* QRDisplayerViewController.swift in Sources */ = {isa = PBXBuildFile; fileRef = D04D4983252C4FEF00D7383E /* QRDisplayerViewController.swift */; };
		D04D4986252C509400D7383E /* QRGenerator.swift in Sources */ = {isa = PBXBuildFile; fileRef = D04D4985252C509400D7383E /* QRGenerator.swift */; };
		D064BCC6252D5BD700D42D66 /* URKit in Frameworks */ = {isa = PBXBuildFile; productRef = D064BCC5252D5BD700D42D66 /* URKit */; };
		D064BCC8252D62FD00D42D66 /* URHelper.swift in Sources */ = {isa = PBXBuildFile; fileRef = D064BCC7252D62FD00D42D66 /* URHelper.swift */; };
		D06D789225B946E000769157 /* AccountDetailViewController.swift in Sources */ = {isa = PBXBuildFile; fileRef = D06D789125B946E000769157 /* AccountDetailViewController.swift */; };
		D06F44572581B86200B42DEB /* AddressesViewController.swift in Sources */ = {isa = PBXBuildFile; fileRef = D06F44562581B86200B42DEB /* AddressesViewController.swift */; };
		D090963B2560FE540098013A /* KeysetStruct.swift in Sources */ = {isa = PBXBuildFile; fileRef = D090963A2560FE540098013A /* KeysetStruct.swift */; };
		D090963D25610D440098013A /* CosignersViewController.swift in Sources */ = {isa = PBXBuildFile; fileRef = D090963C25610D440098013A /* CosignersViewController.swift */; };
		D090963F256256500098013A /* AccountViewController.swift in Sources */ = {isa = PBXBuildFile; fileRef = D090963E2562564F0098013A /* AccountViewController.swift */; };
		D090964125625CC30098013A /* DescriptorParser.swift in Sources */ = {isa = PBXBuildFile; fileRef = D090964025625CC30098013A /* DescriptorParser.swift */; };
		D090964325625CED0098013A /* Descriptor.swift in Sources */ = {isa = PBXBuildFile; fileRef = D090964225625CED0098013A /* Descriptor.swift */; };
		D093E2A925A6E4C50038B59A /* InfoViewController.swift in Sources */ = {isa = PBXBuildFile; fileRef = D093E2A825A6E4C40038B59A /* InfoViewController.swift */; };
		D0974A56255B8E300013DC60 /* LifeHash in Frameworks */ = {isa = PBXBuildFile; productRef = D0974A55255B8E300013DC60 /* LifeHash */; };
		D0974A58255B8E8D0013DC60 /* SignerStruct.swift in Sources */ = {isa = PBXBuildFile; fileRef = D0974A57255B8E8D0013DC60 /* SignerStruct.swift */; };
		D0974A5A255B90A10013DC60 /* AccountMapStruct.swift in Sources */ = {isa = PBXBuildFile; fileRef = D0974A59255B90A10013DC60 /* AccountMapStruct.swift */; };
		D0974A5C255B93130013DC60 /* CoreDataService.swift in Sources */ = {isa = PBXBuildFile; fileRef = D0974A5B255B93130013DC60 /* CoreDataService.swift */; };
		D0974A5E255B93500013DC60 /* Entities.swift in Sources */ = {isa = PBXBuildFile; fileRef = D0974A5D255B93500013DC60 /* Entities.swift */; };
		D0974A62255BA1B90013DC60 /* LifeHash.swift in Sources */ = {isa = PBXBuildFile; fileRef = D0974A61255BA1B90013DC60 /* LifeHash.swift */; };
		D0974A64255BB3C00013DC60 /* icons8-key-24.png in Resources */ = {isa = PBXBuildFile; fileRef = D0974A63255BB3C00013DC60 /* icons8-key-24.png */; };
		D0AD30002591825F00B9CBFC /* LicenseDisclaimerViewController.swift in Sources */ = {isa = PBXBuildFile; fileRef = D0AD2FFF2591825F00B9CBFC /* LicenseDisclaimerViewController.swift */; };
		D0B4DDD725258B25009C8624 /* Bip39Words.swift in Sources */ = {isa = PBXBuildFile; fileRef = D0B4DDD625258B25009C8624 /* Bip39Words.swift */; };
		D0B4DDD92525AC18009C8624 /* whiteFingerPrint.png in Resources */ = {isa = PBXBuildFile; fileRef = D0B4DDD82525AC18009C8624 /* whiteFingerPrint.png */; };
		D0B88B0E25BBA67A00EC688E /* LabelMemoViewController.swift in Sources */ = {isa = PBXBuildFile; fileRef = D0B88B0D25BBA67A00EC688E /* LabelMemoViewController.swift */; };
		D0CF1E342522E20C0059C541 /* AppDelegate.swift in Sources */ = {isa = PBXBuildFile; fileRef = D0CF1E332522E20C0059C541 /* AppDelegate.swift */; };
		D0CF1E362522E20C0059C541 /* SceneDelegate.swift in Sources */ = {isa = PBXBuildFile; fileRef = D0CF1E352522E20C0059C541 /* SceneDelegate.swift */; };
		D0CF1E3B2522E20C0059C541 /* Main.storyboard in Resources */ = {isa = PBXBuildFile; fileRef = D0CF1E392522E20C0059C541 /* Main.storyboard */; };
		D0CF1E3E2522E20C0059C541 /* GordianSigner.xcdatamodeld in Sources */ = {isa = PBXBuildFile; fileRef = D0CF1E3C2522E20C0059C541 /* GordianSigner.xcdatamodeld */; };
		D0CF1E402522E2140059C541 /* Assets.xcassets in Resources */ = {isa = PBXBuildFile; fileRef = D0CF1E3F2522E2140059C541 /* Assets.xcassets */; };
		D0CF1E432522E2140059C541 /* LaunchScreen.storyboard in Resources */ = {isa = PBXBuildFile; fileRef = D0CF1E412522E2140059C541 /* LaunchScreen.storyboard */; };
		D0CF1E4E2522E2140059C541 /* GordianSignerTests.swift in Sources */ = {isa = PBXBuildFile; fileRef = D0CF1E4D2522E2140059C541 /* GordianSignerTests.swift */; };
		D0CF1E592522E2140059C541 /* GordianSignerUITests.swift in Sources */ = {isa = PBXBuildFile; fileRef = D0CF1E582522E2140059C541 /* GordianSignerUITests.swift */; };
		D0CF1E70252300B80059C541 /* Keychain.swift in Sources */ = {isa = PBXBuildFile; fileRef = D0CF1E6F252300B80059C541 /* Keychain.swift */; };
		D0CF1E732523012A0059C541 /* FirstTime.swift in Sources */ = {isa = PBXBuildFile; fileRef = D0CF1E722523012A0059C541 /* FirstTime.swift */; };
		D0CF1E75252302A00059C541 /* Encryption.swift in Sources */ = {isa = PBXBuildFile; fileRef = D0CF1E74252302A00059C541 /* Encryption.swift */; };
		D0CF1E77252303370059C541 /* Utlities.swift in Sources */ = {isa = PBXBuildFile; fileRef = D0CF1E76252303370059C541 /* Utlities.swift */; };
		D0CF1E79252360EC0059C541 /* Signer.swift in Sources */ = {isa = PBXBuildFile; fileRef = D0CF1E78252360EC0059C541 /* Signer.swift */; };
		D0CF1E7B252368DC0059C541 /* Keys.swift in Sources */ = {isa = PBXBuildFile; fileRef = D0CF1E7A252368DC0059C541 /* Keys.swift */; };
		D0E0EA022567A10900F2403C /* CreateAccountViewController.swift in Sources */ = {isa = PBXBuildFile; fileRef = D0E0EA012567A10900F2403C /* CreateAccountViewController.swift */; };
/* End PBXBuildFile section */

/* Begin PBXContainerItemProxy section */
		D0CF1E4A2522E2140059C541 /* PBXContainerItemProxy */ = {
			isa = PBXContainerItemProxy;
			containerPortal = D0CF1E282522E20C0059C541 /* Project object */;
			proxyType = 1;
			remoteGlobalIDString = D0CF1E2F2522E20C0059C541;
			remoteInfo = GordianSigner;
		};
		D0CF1E552522E2140059C541 /* PBXContainerItemProxy */ = {
			isa = PBXContainerItemProxy;
			containerPortal = D0CF1E282522E20C0059C541 /* Project object */;
			proxyType = 1;
			remoteGlobalIDString = D0CF1E2F2522E20C0059C541;
			remoteInfo = GordianSigner;
		};
/* End PBXContainerItemProxy section */

/* Begin PBXCopyFilesBuildPhase section */
		D016AE5F25B0031600A59E93 /* Embed Frameworks */ = {
			isa = PBXCopyFilesBuildPhase;
			buildActionMask = 2147483647;
			dstPath = "";
			dstSubfolderSpec = 10;
			files = (
				D016AE5E25B0031600A59E93 /* LibWally.xcframework in Embed Frameworks */,
				0A6E1FB3260469C3006F6BAA /* SSKR.xcframework in Embed Frameworks */,
				0A6E1FAF260469C2006F6BAA /* Shamir.xcframework in Embed Frameworks */,
				0A6E1FA7260469BC006F6BAA /* BIP39.xcframework in Embed Frameworks */,
				0A6E1FAB260469BF006F6BAA /* CryptoBase.xcframework in Embed Frameworks */,
			);
			name = "Embed Frameworks";
			runOnlyForDeploymentPostprocessing = 0;
		};
/* End PBXCopyFilesBuildPhase section */

/* Begin PBXFileReference section */
		0A0D3A7025D4F4C600E86F70 /* AuthViewController.swift */ = {isa = PBXFileReference; lastKnownFileType = sourcecode.swift; path = AuthViewController.swift; sourceTree = "<group>"; };
		0A6E1F98260468C5006F6BAA /* ShardRecovery.swift */ = {isa = PBXFileReference; lastKnownFileType = sourcecode.swift; path = ShardRecovery.swift; sourceTree = "<group>"; };
		0A6E1F9C260469B0006F6BAA /* BIP39.xcframework */ = {isa = PBXFileReference; lastKnownFileType = wrapper.xcframework; path = BIP39.xcframework; sourceTree = "<group>"; };
		0A6E1F9D260469B0006F6BAA /* SSKR.xcframework */ = {isa = PBXFileReference; lastKnownFileType = wrapper.xcframework; path = SSKR.xcframework; sourceTree = "<group>"; };
		0A6E1F9E260469B0006F6BAA /* CryptoBase.xcframework */ = {isa = PBXFileReference; lastKnownFileType = wrapper.xcframework; path = CryptoBase.xcframework; sourceTree = "<group>"; };
		0A6E1F9F260469B0006F6BAA /* Shamir.xcframework */ = {isa = PBXFileReference; lastKnownFileType = wrapper.xcframework; path = Shamir.xcframework; sourceTree = "<group>"; };
		0A6E1FB626046A1F006F6BAA /* Shard.swift */ = {isa = PBXFileReference; lastKnownFileType = sourcecode.swift; path = Shard.swift; sourceTree = "<group>"; };
		0A79C6DC25EF4F2F002470C5 /* AddCosigner.swift */ = {isa = PBXFileReference; lastKnownFileType = sourcecode.swift; path = AddCosigner.swift; sourceTree = "<group>"; };
		0A9EE67B2601C8B80000B130 /* PDFCreator.swift */ = {isa = PBXFileReference; lastKnownFileType = sourcecode.swift; path = PDFCreator.swift; sourceTree = "<group>"; };
		0AAAB4B025D2693E00C77B52 /* SettingsViewController.swift */ = {isa = PBXFileReference; lastKnownFileType = sourcecode.swift; path = SettingsViewController.swift; sourceTree = "<group>"; };
		0AF6442225D4DB91003E619E /* CloudKit.framework */ = {isa = PBXFileReference; lastKnownFileType = wrapper.framework; name = CloudKit.framework; path = System/Library/Frameworks/CloudKit.framework; sourceTree = SDKROOT; };
		D00F498C258B2ACD00941DBA /* accounts.png */ = {isa = PBXFileReference; lastKnownFileType = image.png; path = accounts.png; sourceTree = "<group>"; };
		D00F498E258B2AFD00941DBA /* seeds.png */ = {isa = PBXFileReference; lastKnownFileType = image.png; path = seeds.png; sourceTree = "<group>"; };
		D00F4990258B2B6D00941DBA /* cosigners.png */ = {isa = PBXFileReference; lastKnownFileType = image.png; path = cosigners.png; sourceTree = "<group>"; };
		D00F4992258B2B9300941DBA /* payments.png */ = {isa = PBXFileReference; lastKnownFileType = image.png; path = payments.png; sourceTree = "<group>"; };
		D016AE5825B0031300A59E93 /* LibWally.xcframework */ = {isa = PBXFileReference; lastKnownFileType = wrapper.xcframework; path = LibWally.xcframework; sourceTree = "<group>"; };
		D01ACBA32563EA8100B5B4E5 /* PaymentsViewController.swift */ = {isa = PBXFileReference; lastKnownFileType = sourcecode.swift; path = PaymentsViewController.swift; sourceTree = "<group>"; };
		D01ACBA52563ED3200B5B4E5 /* Psbt.swift */ = {isa = PBXFileReference; lastKnownFileType = sourcecode.swift; path = Psbt.swift; sourceTree = "<group>"; };
		D01C2954255CE33F00C5ED55 /* PaymentDetailViewController.swift */ = {isa = PBXFileReference; lastKnownFileType = sourcecode.swift; path = PaymentDetailViewController.swift; sourceTree = "<group>"; };
		D0246DD6256B660100F812A5 /* Base58.swift */ = {isa = PBXFileReference; lastKnownFileType = sourcecode.swift; path = Base58.swift; sourceTree = "<group>"; };
		D0246DD8256B663800F812A5 /* base58.h */ = {isa = PBXFileReference; lastKnownFileType = sourcecode.c.h; path = base58.h; sourceTree = "<group>"; };
		D0246DD9256B667700F812A5 /* GordianSigner-Bridging-Header.h */ = {isa = PBXFileReference; lastKnownFileType = sourcecode.c.h; path = "GordianSigner-Bridging-Header.h"; sourceTree = "<group>"; };
		D0246DDA256B667800F812A5 /* base58.c */ = {isa = PBXFileReference; lastKnownFileType = sourcecode.c.c; path = base58.c; sourceTree = "<group>"; };
		D02E51EF258860C200A479A0 /* SeedDetailViewController.swift */ = {isa = PBXFileReference; lastKnownFileType = sourcecode.swift; path = SeedDetailViewController.swift; sourceTree = "<group>"; };
		D04423F225837A8700A25179 /* PaymentHash.swift */ = {isa = PBXFileReference; lastKnownFileType = sourcecode.swift; path = PaymentHash.swift; sourceTree = "<group>"; };
		D04423F42586F2CC00A25179 /* LifehashSeedView.swift */ = {isa = PBXFileReference; lastKnownFileType = sourcecode.swift; path = LifehashSeedView.swift; sourceTree = "<group>"; };
		D04423F62586F2F700A25179 /* LifehashSeedView.xib */ = {isa = PBXFileReference; lastKnownFileType = file.xib; path = LifehashSeedView.xib; sourceTree = "<group>"; };
		D04423FA258705B900A25179 /* LifehashSeedSecondary.swift */ = {isa = PBXFileReference; lastKnownFileType = sourcecode.swift; path = LifehashSeedSecondary.swift; sourceTree = "<group>"; };
		D04423FC258705D900A25179 /* LifehashSeedSecondary.xib */ = {isa = PBXFileReference; lastKnownFileType = file.xib; path = LifehashSeedSecondary.xib; sourceTree = "<group>"; };
		D04B029725249EEB00C249B8 /* AddPaymentViewController.swift */ = {isa = PBXFileReference; lastKnownFileType = sourcecode.swift; path = AddPaymentViewController.swift; sourceTree = "<group>"; };
		D04B029B2524A9F800C249B8 /* AddSeedWordsViewController.swift */ = {isa = PBXFileReference; lastKnownFileType = sourcecode.swift; path = AddSeedWordsViewController.swift; sourceTree = "<group>"; };
		D04D497F252C19E000D7383E /* QRScannerViewController.swift */ = {isa = PBXFileReference; lastKnownFileType = sourcecode.swift; path = QRScannerViewController.swift; sourceTree = "<group>"; };
		D04D4981252C1A9300D7383E /* Spinner.swift */ = {isa = PBXFileReference; lastKnownFileType = sourcecode.swift; path = Spinner.swift; sourceTree = "<group>"; };
		D04D4983252C4FEF00D7383E /* QRDisplayerViewController.swift */ = {isa = PBXFileReference; lastKnownFileType = sourcecode.swift; path = QRDisplayerViewController.swift; sourceTree = "<group>"; };
		D04D4985252C509400D7383E /* QRGenerator.swift */ = {isa = PBXFileReference; lastKnownFileType = sourcecode.swift; path = QRGenerator.swift; sourceTree = "<group>"; };
		D064BCC7252D62FD00D42D66 /* URHelper.swift */ = {isa = PBXFileReference; lastKnownFileType = sourcecode.swift; path = URHelper.swift; sourceTree = "<group>"; };
		D06D789125B946E000769157 /* AccountDetailViewController.swift */ = {isa = PBXFileReference; lastKnownFileType = sourcecode.swift; path = AccountDetailViewController.swift; sourceTree = "<group>"; };
		D06F44562581B86200B42DEB /* AddressesViewController.swift */ = {isa = PBXFileReference; lastKnownFileType = sourcecode.swift; path = AddressesViewController.swift; sourceTree = "<group>"; };
		D090963A2560FE540098013A /* KeysetStruct.swift */ = {isa = PBXFileReference; lastKnownFileType = sourcecode.swift; path = KeysetStruct.swift; sourceTree = "<group>"; };
		D090963C25610D440098013A /* CosignersViewController.swift */ = {isa = PBXFileReference; lastKnownFileType = sourcecode.swift; path = CosignersViewController.swift; sourceTree = "<group>"; };
		D090963E2562564F0098013A /* AccountViewController.swift */ = {isa = PBXFileReference; lastKnownFileType = sourcecode.swift; path = AccountViewController.swift; sourceTree = "<group>"; };
		D090964025625CC30098013A /* DescriptorParser.swift */ = {isa = PBXFileReference; lastKnownFileType = sourcecode.swift; path = DescriptorParser.swift; sourceTree = "<group>"; };
		D090964225625CED0098013A /* Descriptor.swift */ = {isa = PBXFileReference; lastKnownFileType = sourcecode.swift; path = Descriptor.swift; sourceTree = "<group>"; };
		D093E2A825A6E4C40038B59A /* InfoViewController.swift */ = {isa = PBXFileReference; lastKnownFileType = sourcecode.swift; path = InfoViewController.swift; sourceTree = "<group>"; };
		D0974A57255B8E8D0013DC60 /* SignerStruct.swift */ = {isa = PBXFileReference; lastKnownFileType = sourcecode.swift; path = SignerStruct.swift; sourceTree = "<group>"; };
		D0974A59255B90A10013DC60 /* AccountMapStruct.swift */ = {isa = PBXFileReference; lastKnownFileType = sourcecode.swift; path = AccountMapStruct.swift; sourceTree = "<group>"; };
		D0974A5B255B93130013DC60 /* CoreDataService.swift */ = {isa = PBXFileReference; lastKnownFileType = sourcecode.swift; path = CoreDataService.swift; sourceTree = "<group>"; };
		D0974A5D255B93500013DC60 /* Entities.swift */ = {isa = PBXFileReference; lastKnownFileType = sourcecode.swift; path = Entities.swift; sourceTree = "<group>"; };
		D0974A61255BA1B90013DC60 /* LifeHash.swift */ = {isa = PBXFileReference; lastKnownFileType = sourcecode.swift; path = LifeHash.swift; sourceTree = "<group>"; };
		D0974A63255BB3C00013DC60 /* icons8-key-24.png */ = {isa = PBXFileReference; lastKnownFileType = image.png; path = "icons8-key-24.png"; sourceTree = "<group>"; };
		D0AD2FFF2591825F00B9CBFC /* LicenseDisclaimerViewController.swift */ = {isa = PBXFileReference; fileEncoding = 4; lastKnownFileType = sourcecode.swift; path = LicenseDisclaimerViewController.swift; sourceTree = "<group>"; };
		D0B4DDD625258B25009C8624 /* Bip39Words.swift */ = {isa = PBXFileReference; lastKnownFileType = sourcecode.swift; path = Bip39Words.swift; sourceTree = "<group>"; };
		D0B4DDD82525AC18009C8624 /* whiteFingerPrint.png */ = {isa = PBXFileReference; lastKnownFileType = image.png; path = whiteFingerPrint.png; sourceTree = "<group>"; };
		D0B88B0D25BBA67A00EC688E /* LabelMemoViewController.swift */ = {isa = PBXFileReference; lastKnownFileType = sourcecode.swift; path = LabelMemoViewController.swift; sourceTree = "<group>"; };
		D0CF1E302522E20C0059C541 /* Gordian Cosigner.app */ = {isa = PBXFileReference; explicitFileType = wrapper.application; includeInIndex = 0; path = "Gordian Cosigner.app"; sourceTree = BUILT_PRODUCTS_DIR; };
		D0CF1E332522E20C0059C541 /* AppDelegate.swift */ = {isa = PBXFileReference; lastKnownFileType = sourcecode.swift; path = AppDelegate.swift; sourceTree = "<group>"; };
		D0CF1E352522E20C0059C541 /* SceneDelegate.swift */ = {isa = PBXFileReference; lastKnownFileType = sourcecode.swift; path = SceneDelegate.swift; sourceTree = "<group>"; };
		D0CF1E3A2522E20C0059C541 /* Base */ = {isa = PBXFileReference; lastKnownFileType = file.storyboard; name = Base; path = Base.lproj/Main.storyboard; sourceTree = "<group>"; };
		D0CF1E3D2522E20C0059C541 /* GordianSigner.xcdatamodel */ = {isa = PBXFileReference; lastKnownFileType = wrapper.xcdatamodel; path = GordianSigner.xcdatamodel; sourceTree = "<group>"; };
		D0CF1E3F2522E2140059C541 /* Assets.xcassets */ = {isa = PBXFileReference; lastKnownFileType = folder.assetcatalog; path = Assets.xcassets; sourceTree = "<group>"; };
		D0CF1E422522E2140059C541 /* Base */ = {isa = PBXFileReference; lastKnownFileType = file.storyboard; name = Base; path = Base.lproj/LaunchScreen.storyboard; sourceTree = "<group>"; };
		D0CF1E442522E2140059C541 /* Info.plist */ = {isa = PBXFileReference; lastKnownFileType = text.plist.xml; path = Info.plist; sourceTree = "<group>"; };
		D0CF1E492522E2140059C541 /* GordianSignerTests.xctest */ = {isa = PBXFileReference; explicitFileType = wrapper.cfbundle; includeInIndex = 0; path = GordianSignerTests.xctest; sourceTree = BUILT_PRODUCTS_DIR; };
		D0CF1E4D2522E2140059C541 /* GordianSignerTests.swift */ = {isa = PBXFileReference; lastKnownFileType = sourcecode.swift; path = GordianSignerTests.swift; sourceTree = "<group>"; };
		D0CF1E4F2522E2140059C541 /* Info.plist */ = {isa = PBXFileReference; lastKnownFileType = text.plist.xml; path = Info.plist; sourceTree = "<group>"; };
		D0CF1E542522E2140059C541 /* GordianSignerUITests.xctest */ = {isa = PBXFileReference; explicitFileType = wrapper.cfbundle; includeInIndex = 0; path = GordianSignerUITests.xctest; sourceTree = BUILT_PRODUCTS_DIR; };
		D0CF1E582522E2140059C541 /* GordianSignerUITests.swift */ = {isa = PBXFileReference; lastKnownFileType = sourcecode.swift; path = GordianSignerUITests.swift; sourceTree = "<group>"; };
		D0CF1E5A2522E2140059C541 /* Info.plist */ = {isa = PBXFileReference; lastKnownFileType = text.plist.xml; path = Info.plist; sourceTree = "<group>"; };
		D0CF1E662522E22A0059C541 /* GordianSigner.entitlements */ = {isa = PBXFileReference; lastKnownFileType = text.plist.entitlements; path = GordianSigner.entitlements; sourceTree = "<group>"; };
		D0CF1E6F252300B80059C541 /* Keychain.swift */ = {isa = PBXFileReference; lastKnownFileType = sourcecode.swift; path = Keychain.swift; sourceTree = "<group>"; };
		D0CF1E722523012A0059C541 /* FirstTime.swift */ = {isa = PBXFileReference; lastKnownFileType = sourcecode.swift; path = FirstTime.swift; sourceTree = "<group>"; };
		D0CF1E74252302A00059C541 /* Encryption.swift */ = {isa = PBXFileReference; lastKnownFileType = sourcecode.swift; path = Encryption.swift; sourceTree = "<group>"; };
		D0CF1E76252303370059C541 /* Utlities.swift */ = {isa = PBXFileReference; lastKnownFileType = sourcecode.swift; path = Utlities.swift; sourceTree = "<group>"; };
		D0CF1E78252360EC0059C541 /* Signer.swift */ = {isa = PBXFileReference; lastKnownFileType = sourcecode.swift; path = Signer.swift; sourceTree = "<group>"; };
		D0CF1E7A252368DC0059C541 /* Keys.swift */ = {isa = PBXFileReference; lastKnownFileType = sourcecode.swift; path = Keys.swift; sourceTree = "<group>"; };
		D0E0EA012567A10900F2403C /* CreateAccountViewController.swift */ = {isa = PBXFileReference; lastKnownFileType = sourcecode.swift; path = CreateAccountViewController.swift; sourceTree = "<group>"; };
/* End PBXFileReference section */

/* Begin PBXFrameworksBuildPhase section */
		D0CF1E2D2522E20C0059C541 /* Frameworks */ = {
			isa = PBXFrameworksBuildPhase;
			buildActionMask = 2147483647;
			files = (
				D0974A56255B8E300013DC60 /* LifeHash in Frameworks */,
				0A6E1FAA260469BF006F6BAA /* CryptoBase.xcframework in Frameworks */,
				0A6E1FB2260469C3006F6BAA /* SSKR.xcframework in Frameworks */,
				0AF6442325D4DB91003E619E /* CloudKit.framework in Frameworks */,
				D064BCC6252D5BD700D42D66 /* URKit in Frameworks */,
				0A6E1FAE260469C2006F6BAA /* Shamir.xcframework in Frameworks */,
				D016AE5D25B0031600A59E93 /* LibWally.xcframework in Frameworks */,
				0A6E1FA6260469BC006F6BAA /* BIP39.xcframework in Frameworks */,
			);
			runOnlyForDeploymentPostprocessing = 0;
		};
		D0CF1E462522E2140059C541 /* Frameworks */ = {
			isa = PBXFrameworksBuildPhase;
			buildActionMask = 2147483647;
			files = (
			);
			runOnlyForDeploymentPostprocessing = 0;
		};
		D0CF1E512522E2140059C541 /* Frameworks */ = {
			isa = PBXFrameworksBuildPhase;
			buildActionMask = 2147483647;
			files = (
			);
			runOnlyForDeploymentPostprocessing = 0;
		};
/* End PBXFrameworksBuildPhase section */

/* Begin PBXGroup section */
		D04423F82587058600A25179 /* Sub Views */ = {
			isa = PBXGroup;
			children = (
				D04423F92587059900A25179 /* Lifehash Primary */,
				D04423FE258705E200A25179 /* Lifehash Secondary */,
			);
			path = "Sub Views";
			sourceTree = "<group>";
		};
		D04423F92587059900A25179 /* Lifehash Primary */ = {
			isa = PBXGroup;
			children = (
				D04423F42586F2CC00A25179 /* LifehashSeedView.swift */,
				D04423F62586F2F700A25179 /* LifehashSeedView.xib */,
			);
			path = "Lifehash Primary";
			sourceTree = "<group>";
		};
		D04423FE258705E200A25179 /* Lifehash Secondary */ = {
			isa = PBXGroup;
			children = (
				D04423FA258705B900A25179 /* LifehashSeedSecondary.swift */,
				D04423FC258705D900A25179 /* LifehashSeedSecondary.xib */,
			);
			path = "Lifehash Secondary";
			sourceTree = "<group>";
		};
		D06D789525B946EF00769157 /* Accounts */ = {
			isa = PBXGroup;
			children = (
				D090963E2562564F0098013A /* AccountViewController.swift */,
				D0E0EA012567A10900F2403C /* CreateAccountViewController.swift */,
				D06F44562581B86200B42DEB /* AddressesViewController.swift */,
				D06D789125B946E000769157 /* AccountDetailViewController.swift */,
			);
			path = Accounts;
			sourceTree = "<group>";
		};
		D06D789825B9470200769157 /* Payments */ = {
			isa = PBXGroup;
			children = (
				D04B029725249EEB00C249B8 /* AddPaymentViewController.swift */,
				D01C2954255CE33F00C5ED55 /* PaymentDetailViewController.swift */,
				D01ACBA32563EA8100B5B4E5 /* PaymentsViewController.swift */,
			);
			path = Payments;
			sourceTree = "<group>";
		};
		D06D789B25B9471700769157 /* Cosigners */ = {
			isa = PBXGroup;
			children = (
				D04B029B2524A9F800C249B8 /* AddSeedWordsViewController.swift */,
				D090963C25610D440098013A /* CosignersViewController.swift */,
				D02E51EF258860C200A479A0 /* SeedDetailViewController.swift */,
			);
			path = Cosigners;
			sourceTree = "<group>";
		};
		D06D789E25B9472900769157 /* QRs */ = {
			isa = PBXGroup;
			children = (
				D04D497F252C19E000D7383E /* QRScannerViewController.swift */,
				D04D4983252C4FEF00D7383E /* QRDisplayerViewController.swift */,
			);
			path = QRs;
			sourceTree = "<group>";
		};
		D06D78A125B9473900769157 /* Misc */ = {
			isa = PBXGroup;
			children = (
				D0AD2FFF2591825F00B9CBFC /* LicenseDisclaimerViewController.swift */,
				D093E2A825A6E4C40038B59A /* InfoViewController.swift */,
				D0B88B0D25BBA67A00EC688E /* LabelMemoViewController.swift */,
			);
			path = Misc;
			sourceTree = "<group>";
		};
		D0974A5F255B99CF0013DC60 /* Structs */ = {
			isa = PBXGroup;
			children = (
				D0974A57255B8E8D0013DC60 /* SignerStruct.swift */,
				D0974A59255B90A10013DC60 /* AccountMapStruct.swift */,
				D090963A2560FE540098013A /* KeysetStruct.swift */,
				D090964225625CED0098013A /* Descriptor.swift */,
				D01ACBA52563ED3200B5B4E5 /* Psbt.swift */,
				0A6E1FB626046A1F006F6BAA /* Shard.swift */,
			);
			path = Structs;
			sourceTree = "<group>";
		};
		D0974A60255B9C870013DC60 /* View Controllers */ = {
			isa = PBXGroup;
			children = (
				D06D78A125B9473900769157 /* Misc */,
				D06D789825B9470200769157 /* Payments */,
				D06D789B25B9471700769157 /* Cosigners */,
				D06D789E25B9472900769157 /* QRs */,
				D06D789525B946EF00769157 /* Accounts */,
				0AAAB4B025D2693E00C77B52 /* SettingsViewController.swift */,
				0A0D3A7025D4F4C600E86F70 /* AuthViewController.swift */,
			);
			path = "View Controllers";
			sourceTree = "<group>";
		};
		D0974A65255BD2500013DC60 /* Images */ = {
			isa = PBXGroup;
			children = (
				D00F4992258B2B9300941DBA /* payments.png */,
				D00F4990258B2B6D00941DBA /* cosigners.png */,
				D00F498E258B2AFD00941DBA /* seeds.png */,
				D00F498C258B2ACD00941DBA /* accounts.png */,
				D0974A63255BB3C00013DC60 /* icons8-key-24.png */,
				D0B4DDD82525AC18009C8624 /* whiteFingerPrint.png */,
			);
			path = Images;
			sourceTree = "<group>";
		};
		D0CF1E272522E20C0059C541 = {
			isa = PBXGroup;
			children = (
				D0CF1E322522E20C0059C541 /* GordianSigner */,
				D0CF1E4C2522E2140059C541 /* GordianSignerTests */,
				D0CF1E572522E2140059C541 /* GordianSignerUITests */,
				D0CF1E312522E20C0059C541 /* Products */,
				D0CF1E672522E5DB0059C541 /* Frameworks */,
			);
			sourceTree = "<group>";
		};
		D0CF1E312522E20C0059C541 /* Products */ = {
			isa = PBXGroup;
			children = (
				D0CF1E302522E20C0059C541 /* Gordian Cosigner.app */,
				D0CF1E492522E2140059C541 /* GordianSignerTests.xctest */,
				D0CF1E542522E2140059C541 /* GordianSignerUITests.xctest */,
			);
			name = Products;
			sourceTree = "<group>";
		};
		D0CF1E322522E20C0059C541 /* GordianSigner */ = {
			isa = PBXGroup;
			children = (
				D0974A65255BD2500013DC60 /* Images */,
				D0CF1E662522E22A0059C541 /* GordianSigner.entitlements */,
				D0CF1E332522E20C0059C541 /* AppDelegate.swift */,
				D0CF1E352522E20C0059C541 /* SceneDelegate.swift */,
				D0CF1E392522E20C0059C541 /* Main.storyboard */,
				D0CF1E3F2522E2140059C541 /* Assets.xcassets */,
				D0CF1E412522E2140059C541 /* LaunchScreen.storyboard */,
				D0CF1E442522E2140059C541 /* Info.plist */,
				D0CF1E3C2522E20C0059C541 /* GordianSigner.xcdatamodeld */,
				D0CF1E71252301030059C541 /* Helpers */,
				D0974A60255B9C870013DC60 /* View Controllers */,
				D0974A5F255B99CF0013DC60 /* Structs */,
				D04423F82587058600A25179 /* Sub Views */,
			);
			path = GordianSigner;
			sourceTree = "<group>";
		};
		D0CF1E4C2522E2140059C541 /* GordianSignerTests */ = {
			isa = PBXGroup;
			children = (
				D0CF1E4D2522E2140059C541 /* GordianSignerTests.swift */,
				D0CF1E4F2522E2140059C541 /* Info.plist */,
			);
			path = GordianSignerTests;
			sourceTree = "<group>";
		};
		D0CF1E572522E2140059C541 /* GordianSignerUITests */ = {
			isa = PBXGroup;
			children = (
				D0CF1E582522E2140059C541 /* GordianSignerUITests.swift */,
				D0CF1E5A2522E2140059C541 /* Info.plist */,
			);
			path = GordianSignerUITests;
			sourceTree = "<group>";
		};
		D0CF1E672522E5DB0059C541 /* Frameworks */ = {
			isa = PBXGroup;
			children = (
				0A6E1F9C260469B0006F6BAA /* BIP39.xcframework */,
				0A6E1F9E260469B0006F6BAA /* CryptoBase.xcframework */,
				0A6E1F9F260469B0006F6BAA /* Shamir.xcframework */,
				0A6E1F9D260469B0006F6BAA /* SSKR.xcframework */,
				0AF6442225D4DB91003E619E /* CloudKit.framework */,
				D016AE5825B0031300A59E93 /* LibWally.xcframework */,
			);
			name = Frameworks;
			sourceTree = "<group>";
		};
		D0CF1E71252301030059C541 /* Helpers */ = {
			isa = PBXGroup;
			children = (
				D0974A5D255B93500013DC60 /* Entities.swift */,
				D0CF1E78252360EC0059C541 /* Signer.swift */,
				D0CF1E76252303370059C541 /* Utlities.swift */,
				D04D4981252C1A9300D7383E /* Spinner.swift */,
				D04D4985252C509400D7383E /* QRGenerator.swift */,
				D0974A5B255B93130013DC60 /* CoreDataService.swift */,
				D0CF1E6F252300B80059C541 /* Keychain.swift */,
				D0CF1E722523012A0059C541 /* FirstTime.swift */,
				D0CF1E74252302A00059C541 /* Encryption.swift */,
				D0CF1E7A252368DC0059C541 /* Keys.swift */,
				D0B4DDD625258B25009C8624 /* Bip39Words.swift */,
				D064BCC7252D62FD00D42D66 /* URHelper.swift */,
				D0974A61255BA1B90013DC60 /* LifeHash.swift */,
				D090964025625CC30098013A /* DescriptorParser.swift */,
				D0246DD9256B667700F812A5 /* GordianSigner-Bridging-Header.h */,
				D0246DD6256B660100F812A5 /* Base58.swift */,
				D0246DD8256B663800F812A5 /* base58.h */,
				D0246DDA256B667800F812A5 /* base58.c */,
				D04423F225837A8700A25179 /* PaymentHash.swift */,
				0A79C6DC25EF4F2F002470C5 /* AddCosigner.swift */,
				0A9EE67B2601C8B80000B130 /* PDFCreator.swift */,
				0A6E1F98260468C5006F6BAA /* ShardRecovery.swift */,
			);
			path = Helpers;
			sourceTree = "<group>";
		};
/* End PBXGroup section */

/* Begin PBXNativeTarget section */
		D0CF1E2F2522E20C0059C541 /* GordianSigner */ = {
			isa = PBXNativeTarget;
			buildConfigurationList = D0CF1E5D2522E2140059C541 /* Build configuration list for PBXNativeTarget "GordianSigner" */;
			buildPhases = (
				D0CF1E2C2522E20C0059C541 /* Sources */,
				D0CF1E2D2522E20C0059C541 /* Frameworks */,
				D0CF1E2E2522E20C0059C541 /* Resources */,
				D016AE5F25B0031600A59E93 /* Embed Frameworks */,
			);
			buildRules = (
			);
			dependencies = (
			);
			name = GordianSigner;
			packageProductDependencies = (
				D064BCC5252D5BD700D42D66 /* URKit */,
				D0974A55255B8E300013DC60 /* LifeHash */,
			);
			productName = GordianSigner;
			productReference = D0CF1E302522E20C0059C541 /* Gordian Cosigner.app */;
			productType = "com.apple.product-type.application";
		};
		D0CF1E482522E2140059C541 /* GordianSignerTests */ = {
			isa = PBXNativeTarget;
			buildConfigurationList = D0CF1E602522E2140059C541 /* Build configuration list for PBXNativeTarget "GordianSignerTests" */;
			buildPhases = (
				D0CF1E452522E2140059C541 /* Sources */,
				D0CF1E462522E2140059C541 /* Frameworks */,
				D0CF1E472522E2140059C541 /* Resources */,
			);
			buildRules = (
			);
			dependencies = (
				D0CF1E4B2522E2140059C541 /* PBXTargetDependency */,
			);
			name = GordianSignerTests;
			productName = GordianSignerTests;
			productReference = D0CF1E492522E2140059C541 /* GordianSignerTests.xctest */;
			productType = "com.apple.product-type.bundle.unit-test";
		};
		D0CF1E532522E2140059C541 /* GordianSignerUITests */ = {
			isa = PBXNativeTarget;
			buildConfigurationList = D0CF1E632522E2140059C541 /* Build configuration list for PBXNativeTarget "GordianSignerUITests" */;
			buildPhases = (
				D0CF1E502522E2140059C541 /* Sources */,
				D0CF1E512522E2140059C541 /* Frameworks */,
				D0CF1E522522E2140059C541 /* Resources */,
			);
			buildRules = (
			);
			dependencies = (
				D0CF1E562522E2140059C541 /* PBXTargetDependency */,
			);
			name = GordianSignerUITests;
			productName = GordianSignerUITests;
			productReference = D0CF1E542522E2140059C541 /* GordianSignerUITests.xctest */;
			productType = "com.apple.product-type.bundle.ui-testing";
		};
/* End PBXNativeTarget section */

/* Begin PBXProject section */
		D0CF1E282522E20C0059C541 /* Project object */ = {
			isa = PBXProject;
			attributes = {
				LastSwiftUpdateCheck = 1140;
				LastUpgradeCheck = 1140;
				ORGANIZATIONNAME = "Blockchain Commons";
				TargetAttributes = {
					D0CF1E2F2522E20C0059C541 = {
						CreatedOnToolsVersion = 11.4.1;
						LastSwiftMigration = 1140;
					};
					D0CF1E482522E2140059C541 = {
						CreatedOnToolsVersion = 11.4.1;
						TestTargetID = D0CF1E2F2522E20C0059C541;
					};
					D0CF1E532522E2140059C541 = {
						CreatedOnToolsVersion = 11.4.1;
						TestTargetID = D0CF1E2F2522E20C0059C541;
					};
				};
			};
			buildConfigurationList = D0CF1E2B2522E20C0059C541 /* Build configuration list for PBXProject "GordianSigner" */;
			compatibilityVersion = "Xcode 9.3";
			developmentRegion = en;
			hasScannedForEncodings = 0;
			knownRegions = (
				en,
				Base,
			);
			mainGroup = D0CF1E272522E20C0059C541;
			packageReferences = (
				D064BCC4252D5BD700D42D66 /* XCRemoteSwiftPackageReference "URKit" */,
				D0974A54255B8E300013DC60 /* XCRemoteSwiftPackageReference "LifeHash" */,
			);
			productRefGroup = D0CF1E312522E20C0059C541 /* Products */;
			projectDirPath = "";
			projectRoot = "";
			targets = (
				D0CF1E2F2522E20C0059C541 /* GordianSigner */,
				D0CF1E482522E2140059C541 /* GordianSignerTests */,
				D0CF1E532522E2140059C541 /* GordianSignerUITests */,
			);
		};
/* End PBXProject section */

/* Begin PBXResourcesBuildPhase section */
		D0CF1E2E2522E20C0059C541 /* Resources */ = {
			isa = PBXResourcesBuildPhase;
			buildActionMask = 2147483647;
			files = (
				D0974A64255BB3C00013DC60 /* icons8-key-24.png in Resources */,
				D00F4993258B2B9300941DBA /* payments.png in Resources */,
				D00F4991258B2B6D00941DBA /* cosigners.png in Resources */,
				D00F498F258B2AFE00941DBA /* seeds.png in Resources */,
				D0B4DDD92525AC18009C8624 /* whiteFingerPrint.png in Resources */,
				D04423FD258705D900A25179 /* LifehashSeedSecondary.xib in Resources */,
				D0CF1E432522E2140059C541 /* LaunchScreen.storyboard in Resources */,
				D0CF1E402522E2140059C541 /* Assets.xcassets in Resources */,
				D0CF1E3B2522E20C0059C541 /* Main.storyboard in Resources */,
				D04423F72586F2F700A25179 /* LifehashSeedView.xib in Resources */,
				D00F498D258B2ACD00941DBA /* accounts.png in Resources */,
			);
			runOnlyForDeploymentPostprocessing = 0;
		};
		D0CF1E472522E2140059C541 /* Resources */ = {
			isa = PBXResourcesBuildPhase;
			buildActionMask = 2147483647;
			files = (
			);
			runOnlyForDeploymentPostprocessing = 0;
		};
		D0CF1E522522E2140059C541 /* Resources */ = {
			isa = PBXResourcesBuildPhase;
			buildActionMask = 2147483647;
			files = (
			);
			runOnlyForDeploymentPostprocessing = 0;
		};
/* End PBXResourcesBuildPhase section */

/* Begin PBXSourcesBuildPhase section */
		D0CF1E2C2522E20C0059C541 /* Sources */ = {
			isa = PBXSourcesBuildPhase;
			buildActionMask = 2147483647;
			files = (
				0A0D3A7125D4F4C600E86F70 /* AuthViewController.swift in Sources */,
				D064BCC8252D62FD00D42D66 /* URHelper.swift in Sources */,
				D0CF1E732523012A0059C541 /* FirstTime.swift in Sources */,
				D090964325625CED0098013A /* Descriptor.swift in Sources */,
				D090963D25610D440098013A /* CosignersViewController.swift in Sources */,
				D0974A58255B8E8D0013DC60 /* SignerStruct.swift in Sources */,
				D0CF1E342522E20C0059C541 /* AppDelegate.swift in Sources */,
				D0CF1E3E2522E20C0059C541 /* GordianSigner.xcdatamodeld in Sources */,
				D04D4980252C19E000D7383E /* QRScannerViewController.swift in Sources */,
				D0CF1E77252303370059C541 /* Utlities.swift in Sources */,
				0A79C6DD25EF4F2F002470C5 /* AddCosigner.swift in Sources */,
				D090964125625CC30098013A /* DescriptorParser.swift in Sources */,
				D0E0EA022567A10900F2403C /* CreateAccountViewController.swift in Sources */,
				D04423FB258705B900A25179 /* LifehashSeedSecondary.swift in Sources */,
				D0974A5C255B93130013DC60 /* CoreDataService.swift in Sources */,
				D0CF1E362522E20C0059C541 /* SceneDelegate.swift in Sources */,
				D090963B2560FE540098013A /* KeysetStruct.swift in Sources */,
				D090963F256256500098013A /* AccountViewController.swift in Sources */,
				D01ACBA42563EA8100B5B4E5 /* PaymentsViewController.swift in Sources */,
				D0B88B0E25BBA67A00EC688E /* LabelMemoViewController.swift in Sources */,
				D04D4984252C4FEF00D7383E /* QRDisplayerViewController.swift in Sources */,
				D093E2A925A6E4C50038B59A /* InfoViewController.swift in Sources */,
				D06F44572581B86200B42DEB /* AddressesViewController.swift in Sources */,
				D0974A5E255B93500013DC60 /* Entities.swift in Sources */,
				D04423F52586F2CC00A25179 /* LifehashSeedView.swift in Sources */,
				0A9EE67C2601C8B80000B130 /* PDFCreator.swift in Sources */,
				0A6E1F99260468C5006F6BAA /* ShardRecovery.swift in Sources */,
				D04B029C2524A9F800C249B8 /* AddSeedWordsViewController.swift in Sources */,
				D0B4DDD725258B25009C8624 /* Bip39Words.swift in Sources */,
				D0AD30002591825F00B9CBFC /* LicenseDisclaimerViewController.swift in Sources */,
				D0CF1E79252360EC0059C541 /* Signer.swift in Sources */,
				D0CF1E70252300B80059C541 /* Keychain.swift in Sources */,
				D06D789225B946E000769157 /* AccountDetailViewController.swift in Sources */,
				D0CF1E75252302A00059C541 /* Encryption.swift in Sources */,
				D01C2955255CE33F00C5ED55 /* PaymentDetailViewController.swift in Sources */,
				D04423F325837A8700A25179 /* PaymentHash.swift in Sources */,
				D04D4986252C509400D7383E /* QRGenerator.swift in Sources */,
				0AAAB4B125D2693E00C77B52 /* SettingsViewController.swift in Sources */,
				D0246DD7256B660100F812A5 /* Base58.swift in Sources */,
				D0974A62255BA1B90013DC60 /* LifeHash.swift in Sources */,
				0A6E1FB726046A1F006F6BAA /* Shard.swift in Sources */,
				D02E51F0258860C200A479A0 /* SeedDetailViewController.swift in Sources */,
				D0CF1E7B252368DC0059C541 /* Keys.swift in Sources */,
				D0974A5A255B90A10013DC60 /* AccountMapStruct.swift in Sources */,
				D0246DDB256B667800F812A5 /* base58.c in Sources */,
				D04B029825249EEB00C249B8 /* AddPaymentViewController.swift in Sources */,
				D01ACBA62563ED3200B5B4E5 /* Psbt.swift in Sources */,
				D04D4982252C1A9300D7383E /* Spinner.swift in Sources */,
			);
			runOnlyForDeploymentPostprocessing = 0;
		};
		D0CF1E452522E2140059C541 /* Sources */ = {
			isa = PBXSourcesBuildPhase;
			buildActionMask = 2147483647;
			files = (
				D0CF1E4E2522E2140059C541 /* GordianSignerTests.swift in Sources */,
			);
			runOnlyForDeploymentPostprocessing = 0;
		};
		D0CF1E502522E2140059C541 /* Sources */ = {
			isa = PBXSourcesBuildPhase;
			buildActionMask = 2147483647;
			files = (
				D0CF1E592522E2140059C541 /* GordianSignerUITests.swift in Sources */,
			);
			runOnlyForDeploymentPostprocessing = 0;
		};
/* End PBXSourcesBuildPhase section */

/* Begin PBXTargetDependency section */
		D0CF1E4B2522E2140059C541 /* PBXTargetDependency */ = {
			isa = PBXTargetDependency;
			target = D0CF1E2F2522E20C0059C541 /* GordianSigner */;
			targetProxy = D0CF1E4A2522E2140059C541 /* PBXContainerItemProxy */;
		};
		D0CF1E562522E2140059C541 /* PBXTargetDependency */ = {
			isa = PBXTargetDependency;
			target = D0CF1E2F2522E20C0059C541 /* GordianSigner */;
			targetProxy = D0CF1E552522E2140059C541 /* PBXContainerItemProxy */;
		};
/* End PBXTargetDependency section */

/* Begin PBXVariantGroup section */
		D0CF1E392522E20C0059C541 /* Main.storyboard */ = {
			isa = PBXVariantGroup;
			children = (
				D0CF1E3A2522E20C0059C541 /* Base */,
			);
			name = Main.storyboard;
			sourceTree = "<group>";
		};
		D0CF1E412522E2140059C541 /* LaunchScreen.storyboard */ = {
			isa = PBXVariantGroup;
			children = (
				D0CF1E422522E2140059C541 /* Base */,
			);
			name = LaunchScreen.storyboard;
			sourceTree = "<group>";
		};
/* End PBXVariantGroup section */

/* Begin XCBuildConfiguration section */
		D0CF1E5B2522E2140059C541 /* Debug */ = {
			isa = XCBuildConfiguration;
			buildSettings = {
				ALWAYS_SEARCH_USER_PATHS = NO;
				CLANG_ANALYZER_NONNULL = YES;
				CLANG_ANALYZER_NUMBER_OBJECT_CONVERSION = YES_AGGRESSIVE;
				CLANG_CXX_LANGUAGE_STANDARD = "gnu++14";
				CLANG_CXX_LIBRARY = "libc++";
				CLANG_ENABLE_MODULES = YES;
				CLANG_ENABLE_OBJC_ARC = YES;
				CLANG_ENABLE_OBJC_WEAK = YES;
				CLANG_WARN_BLOCK_CAPTURE_AUTORELEASING = YES;
				CLANG_WARN_BOOL_CONVERSION = YES;
				CLANG_WARN_COMMA = YES;
				CLANG_WARN_CONSTANT_CONVERSION = YES;
				CLANG_WARN_DEPRECATED_OBJC_IMPLEMENTATIONS = YES;
				CLANG_WARN_DIRECT_OBJC_ISA_USAGE = YES_ERROR;
				CLANG_WARN_DOCUMENTATION_COMMENTS = YES;
				CLANG_WARN_EMPTY_BODY = YES;
				CLANG_WARN_ENUM_CONVERSION = YES;
				CLANG_WARN_INFINITE_RECURSION = YES;
				CLANG_WARN_INT_CONVERSION = YES;
				CLANG_WARN_NON_LITERAL_NULL_CONVERSION = YES;
				CLANG_WARN_OBJC_IMPLICIT_RETAIN_SELF = YES;
				CLANG_WARN_OBJC_LITERAL_CONVERSION = YES;
				CLANG_WARN_OBJC_ROOT_CLASS = YES_ERROR;
				CLANG_WARN_RANGE_LOOP_ANALYSIS = YES;
				CLANG_WARN_STRICT_PROTOTYPES = YES;
				CLANG_WARN_SUSPICIOUS_MOVE = YES;
				CLANG_WARN_UNGUARDED_AVAILABILITY = YES_AGGRESSIVE;
				CLANG_WARN_UNREACHABLE_CODE = YES;
				CLANG_WARN__DUPLICATE_METHOD_MATCH = YES;
				COPY_PHASE_STRIP = NO;
				DEBUG_INFORMATION_FORMAT = dwarf;
				ENABLE_STRICT_OBJC_MSGSEND = YES;
				ENABLE_TESTABILITY = YES;
				GCC_C_LANGUAGE_STANDARD = gnu11;
				GCC_DYNAMIC_NO_PIC = NO;
				GCC_NO_COMMON_BLOCKS = YES;
				GCC_OPTIMIZATION_LEVEL = 0;
				GCC_PREPROCESSOR_DEFINITIONS = (
					"DEBUG=1",
					"$(inherited)",
				);
				GCC_WARN_64_TO_32_BIT_CONVERSION = YES;
				GCC_WARN_ABOUT_RETURN_TYPE = YES_ERROR;
				GCC_WARN_UNDECLARED_SELECTOR = YES;
				GCC_WARN_UNINITIALIZED_AUTOS = YES_AGGRESSIVE;
				GCC_WARN_UNUSED_FUNCTION = YES;
				GCC_WARN_UNUSED_VARIABLE = YES;
				IPHONEOS_DEPLOYMENT_TARGET = 13.4;
				MTL_ENABLE_DEBUG_INFO = INCLUDE_SOURCE;
				MTL_FAST_MATH = YES;
				ONLY_ACTIVE_ARCH = YES;
				SDKROOT = iphoneos;
				SWIFT_ACTIVE_COMPILATION_CONDITIONS = DEBUG;
				SWIFT_OPTIMIZATION_LEVEL = "-Onone";
			};
			name = Debug;
		};
		D0CF1E5C2522E2140059C541 /* Release */ = {
			isa = XCBuildConfiguration;
			buildSettings = {
				ALWAYS_SEARCH_USER_PATHS = NO;
				CLANG_ANALYZER_NONNULL = YES;
				CLANG_ANALYZER_NUMBER_OBJECT_CONVERSION = YES_AGGRESSIVE;
				CLANG_CXX_LANGUAGE_STANDARD = "gnu++14";
				CLANG_CXX_LIBRARY = "libc++";
				CLANG_ENABLE_MODULES = YES;
				CLANG_ENABLE_OBJC_ARC = YES;
				CLANG_ENABLE_OBJC_WEAK = YES;
				CLANG_WARN_BLOCK_CAPTURE_AUTORELEASING = YES;
				CLANG_WARN_BOOL_CONVERSION = YES;
				CLANG_WARN_COMMA = YES;
				CLANG_WARN_CONSTANT_CONVERSION = YES;
				CLANG_WARN_DEPRECATED_OBJC_IMPLEMENTATIONS = YES;
				CLANG_WARN_DIRECT_OBJC_ISA_USAGE = YES_ERROR;
				CLANG_WARN_DOCUMENTATION_COMMENTS = YES;
				CLANG_WARN_EMPTY_BODY = YES;
				CLANG_WARN_ENUM_CONVERSION = YES;
				CLANG_WARN_INFINITE_RECURSION = YES;
				CLANG_WARN_INT_CONVERSION = YES;
				CLANG_WARN_NON_LITERAL_NULL_CONVERSION = YES;
				CLANG_WARN_OBJC_IMPLICIT_RETAIN_SELF = YES;
				CLANG_WARN_OBJC_LITERAL_CONVERSION = YES;
				CLANG_WARN_OBJC_ROOT_CLASS = YES_ERROR;
				CLANG_WARN_RANGE_LOOP_ANALYSIS = YES;
				CLANG_WARN_STRICT_PROTOTYPES = YES;
				CLANG_WARN_SUSPICIOUS_MOVE = YES;
				CLANG_WARN_UNGUARDED_AVAILABILITY = YES_AGGRESSIVE;
				CLANG_WARN_UNREACHABLE_CODE = YES;
				CLANG_WARN__DUPLICATE_METHOD_MATCH = YES;
				COPY_PHASE_STRIP = NO;
				DEBUG_INFORMATION_FORMAT = "dwarf-with-dsym";
				ENABLE_NS_ASSERTIONS = NO;
				ENABLE_STRICT_OBJC_MSGSEND = YES;
				GCC_C_LANGUAGE_STANDARD = gnu11;
				GCC_NO_COMMON_BLOCKS = YES;
				GCC_WARN_64_TO_32_BIT_CONVERSION = YES;
				GCC_WARN_ABOUT_RETURN_TYPE = YES_ERROR;
				GCC_WARN_UNDECLARED_SELECTOR = YES;
				GCC_WARN_UNINITIALIZED_AUTOS = YES_AGGRESSIVE;
				GCC_WARN_UNUSED_FUNCTION = YES;
				GCC_WARN_UNUSED_VARIABLE = YES;
				IPHONEOS_DEPLOYMENT_TARGET = 13.4;
				MTL_ENABLE_DEBUG_INFO = NO;
				MTL_FAST_MATH = YES;
				SDKROOT = iphoneos;
				SWIFT_COMPILATION_MODE = wholemodule;
				SWIFT_OPTIMIZATION_LEVEL = "-O";
				VALIDATE_PRODUCT = YES;
			};
			name = Release;
		};
		D0CF1E5E2522E2140059C541 /* Debug */ = {
			isa = XCBuildConfiguration;
			buildSettings = {
				ASSETCATALOG_COMPILER_APPICON_NAME = "AppIcon-1";
				CLANG_ENABLE_MODULES = YES;
				CODE_SIGN_ENTITLEMENTS = GordianSigner/GordianSigner.entitlements;
				CODE_SIGN_STYLE = Automatic;
				CURRENT_PROJECT_VERSION = 0.2.15;
				DEVELOPMENT_TEAM = YZHG975W3A;
				ENABLE_BITCODE = NO;
				INFOPLIST_FILE = GordianSigner/Info.plist;
				IPHONEOS_DEPLOYMENT_TARGET = 14.0;
				LD_RUNPATH_SEARCH_PATHS = (
					"$(inherited)",
					"@executable_path/Frameworks",
				);
				MARKETING_VERSION = 0.2.15;
				PRODUCT_BUNDLE_IDENTIFIER = com.blockchaincommons.GordianSigner;
				PRODUCT_NAME = "Gordian Cosigner";
				SUPPORTS_MACCATALYST = YES;
				SWIFT_OBJC_BRIDGING_HEADER = "GordianSigner/Helpers/GordianSigner-Bridging-Header.h";
				SWIFT_OPTIMIZATION_LEVEL = "-Onone";
				SWIFT_VERSION = 5.0;
				TARGETED_DEVICE_FAMILY = "1,2";
			};
			name = Debug;
		};
		D0CF1E5F2522E2140059C541 /* Release */ = {
			isa = XCBuildConfiguration;
			buildSettings = {
				ASSETCATALOG_COMPILER_APPICON_NAME = "AppIcon-1";
				CLANG_ENABLE_MODULES = YES;
				CODE_SIGN_ENTITLEMENTS = GordianSigner/GordianSigner.entitlements;
				CODE_SIGN_STYLE = Automatic;
				CURRENT_PROJECT_VERSION = 0.2.15;
				DEVELOPMENT_TEAM = YZHG975W3A;
				ENABLE_BITCODE = NO;
				INFOPLIST_FILE = GordianSigner/Info.plist;
				IPHONEOS_DEPLOYMENT_TARGET = 14.0;
				LD_RUNPATH_SEARCH_PATHS = (
					"$(inherited)",
					"@executable_path/Frameworks",
				);
				MARKETING_VERSION = 0.2.15;
				PRODUCT_BUNDLE_IDENTIFIER = com.blockchaincommons.GordianSigner;
				PRODUCT_NAME = "Gordian Cosigner";
				SUPPORTS_MACCATALYST = YES;
				SWIFT_OBJC_BRIDGING_HEADER = "GordianSigner/Helpers/GordianSigner-Bridging-Header.h";
				SWIFT_VERSION = 5.0;
				TARGETED_DEVICE_FAMILY = "1,2";
			};
			name = Release;
		};
		D0CF1E612522E2140059C541 /* Debug */ = {
			isa = XCBuildConfiguration;
			buildSettings = {
				ALWAYS_EMBED_SWIFT_STANDARD_LIBRARIES = YES;
				BUNDLE_LOADER = "$(TEST_HOST)";
				CODE_SIGN_STYLE = Automatic;
				DEVELOPMENT_TEAM = YZHG975W3A;
				INFOPLIST_FILE = GordianSignerTests/Info.plist;
				IPHONEOS_DEPLOYMENT_TARGET = 13.4;
				LD_RUNPATH_SEARCH_PATHS = (
					"$(inherited)",
					"@executable_path/Frameworks",
					"@loader_path/Frameworks",
				);
				PRODUCT_BUNDLE_IDENTIFIER = com.blockchaincommons.GordianSignerTests;
				PRODUCT_NAME = "$(TARGET_NAME)";
				SWIFT_VERSION = 5.0;
				TARGETED_DEVICE_FAMILY = "1,2";
				TEST_HOST = "$(BUILT_PRODUCTS_DIR)/GordianSigner.app/GordianSigner";
			};
			name = Debug;
		};
		D0CF1E622522E2140059C541 /* Release */ = {
			isa = XCBuildConfiguration;
			buildSettings = {
				ALWAYS_EMBED_SWIFT_STANDARD_LIBRARIES = YES;
				BUNDLE_LOADER = "$(TEST_HOST)";
				CODE_SIGN_STYLE = Automatic;
				DEVELOPMENT_TEAM = YZHG975W3A;
				INFOPLIST_FILE = GordianSignerTests/Info.plist;
				IPHONEOS_DEPLOYMENT_TARGET = 13.4;
				LD_RUNPATH_SEARCH_PATHS = (
					"$(inherited)",
					"@executable_path/Frameworks",
					"@loader_path/Frameworks",
				);
				PRODUCT_BUNDLE_IDENTIFIER = com.blockchaincommons.GordianSignerTests;
				PRODUCT_NAME = "$(TARGET_NAME)";
				SWIFT_VERSION = 5.0;
				TARGETED_DEVICE_FAMILY = "1,2";
				TEST_HOST = "$(BUILT_PRODUCTS_DIR)/GordianSigner.app/GordianSigner";
			};
			name = Release;
		};
		D0CF1E642522E2140059C541 /* Debug */ = {
			isa = XCBuildConfiguration;
			buildSettings = {
				ALWAYS_EMBED_SWIFT_STANDARD_LIBRARIES = YES;
				CODE_SIGN_STYLE = Automatic;
				DEVELOPMENT_TEAM = YZHG975W3A;
				INFOPLIST_FILE = GordianSignerUITests/Info.plist;
				LD_RUNPATH_SEARCH_PATHS = (
					"$(inherited)",
					"@executable_path/Frameworks",
					"@loader_path/Frameworks",
				);
				PRODUCT_BUNDLE_IDENTIFIER = com.blockchaincommons.GordianSignerUITests;
				PRODUCT_NAME = "$(TARGET_NAME)";
				SWIFT_VERSION = 5.0;
				TARGETED_DEVICE_FAMILY = "1,2";
				TEST_TARGET_NAME = GordianSigner;
			};
			name = Debug;
		};
		D0CF1E652522E2140059C541 /* Release */ = {
			isa = XCBuildConfiguration;
			buildSettings = {
				ALWAYS_EMBED_SWIFT_STANDARD_LIBRARIES = YES;
				CODE_SIGN_STYLE = Automatic;
				DEVELOPMENT_TEAM = YZHG975W3A;
				INFOPLIST_FILE = GordianSignerUITests/Info.plist;
				LD_RUNPATH_SEARCH_PATHS = (
					"$(inherited)",
					"@executable_path/Frameworks",
					"@loader_path/Frameworks",
				);
				PRODUCT_BUNDLE_IDENTIFIER = com.blockchaincommons.GordianSignerUITests;
				PRODUCT_NAME = "$(TARGET_NAME)";
				SWIFT_VERSION = 5.0;
				TARGETED_DEVICE_FAMILY = "1,2";
				TEST_TARGET_NAME = GordianSigner;
			};
			name = Release;
		};
/* End XCBuildConfiguration section */

/* Begin XCConfigurationList section */
		D0CF1E2B2522E20C0059C541 /* Build configuration list for PBXProject "GordianSigner" */ = {
			isa = XCConfigurationList;
			buildConfigurations = (
				D0CF1E5B2522E2140059C541 /* Debug */,
				D0CF1E5C2522E2140059C541 /* Release */,
			);
			defaultConfigurationIsVisible = 0;
			defaultConfigurationName = Release;
		};
		D0CF1E5D2522E2140059C541 /* Build configuration list for PBXNativeTarget "GordianSigner" */ = {
			isa = XCConfigurationList;
			buildConfigurations = (
				D0CF1E5E2522E2140059C541 /* Debug */,
				D0CF1E5F2522E2140059C541 /* Release */,
			);
			defaultConfigurationIsVisible = 0;
			defaultConfigurationName = Release;
		};
		D0CF1E602522E2140059C541 /* Build configuration list for PBXNativeTarget "GordianSignerTests" */ = {
			isa = XCConfigurationList;
			buildConfigurations = (
				D0CF1E612522E2140059C541 /* Debug */,
				D0CF1E622522E2140059C541 /* Release */,
			);
			defaultConfigurationIsVisible = 0;
			defaultConfigurationName = Release;
		};
		D0CF1E632522E2140059C541 /* Build configuration list for PBXNativeTarget "GordianSignerUITests" */ = {
			isa = XCConfigurationList;
			buildConfigurations = (
				D0CF1E642522E2140059C541 /* Debug */,
				D0CF1E652522E2140059C541 /* Release */,
			);
			defaultConfigurationIsVisible = 0;
			defaultConfigurationName = Release;
		};
/* End XCConfigurationList section */

/* Begin XCRemoteSwiftPackageReference section */
		D064BCC4252D5BD700D42D66 /* XCRemoteSwiftPackageReference "URKit" */ = {
			isa = XCRemoteSwiftPackageReference;
			repositoryURL = "https://github.com/BlockchainCommons/URKit";
			requirement = {
				kind = upToNextMajorVersion;
				minimumVersion = 2.0.0;
			};
		};
		D0974A54255B8E300013DC60 /* XCRemoteSwiftPackageReference "LifeHash" */ = {
			isa = XCRemoteSwiftPackageReference;
			repositoryURL = "https://github.com/BlockchainCommons/LifeHash";
			requirement = {
				kind = upToNextMajorVersion;
				minimumVersion = 6.0.2;
			};
		};
/* End XCRemoteSwiftPackageReference section */

/* Begin XCSwiftPackageProductDependency section */
		D064BCC5252D5BD700D42D66 /* URKit */ = {
			isa = XCSwiftPackageProductDependency;
			package = D064BCC4252D5BD700D42D66 /* XCRemoteSwiftPackageReference "URKit" */;
			productName = URKit;
		};
		D0974A55255B8E300013DC60 /* LifeHash */ = {
			isa = XCSwiftPackageProductDependency;
			package = D0974A54255B8E300013DC60 /* XCRemoteSwiftPackageReference "LifeHash" */;
			productName = LifeHash;
		};
/* End XCSwiftPackageProductDependency section */

/* Begin XCVersionGroup section */
		D0CF1E3C2522E20C0059C541 /* GordianSigner.xcdatamodeld */ = {
			isa = XCVersionGroup;
			children = (
				D0CF1E3D2522E20C0059C541 /* GordianSigner.xcdatamodel */,
			);
			currentVersion = D0CF1E3D2522E20C0059C541 /* GordianSigner.xcdatamodel */;
			path = GordianSigner.xcdatamodeld;
			sourceTree = "<group>";
			versionGroupType = wrapper.xcdatamodel;
		};
/* End XCVersionGroup section */
	};
	rootObject = D0CF1E282522E20C0059C541 /* Project object */;
}
